// !$*UTF8*$!
{
	archiveVersion = 1;
	classes = {
	};
	objectVersion = 51;
	objects = {

/* Begin PBXBuildFile section */
		140671A82728B0F40059D83E /* User.swift in Sources */ = {isa = PBXBuildFile; fileRef = 140671A72728B0F40059D83E /* User.swift */; };
		143E8F522710ACA300909380 /* ProfileCell.swift in Sources */ = {isa = PBXBuildFile; fileRef = 143E8F512710ACA300909380 /* ProfileCell.swift */; };
		143E8F542710ACB200909380 /* ProfileHeader.swift in Sources */ = {isa = PBXBuildFile; fileRef = 143E8F532710ACB200909380 /* ProfileHeader.swift */; };
		14404594275A810E00F2CD41 /* NotificationCell.swift in Sources */ = {isa = PBXBuildFile; fileRef = 14404593275A810E00F2CD41 /* NotificationCell.swift */; };
		14404596275AB24900F2CD41 /* Notification.swift in Sources */ = {isa = PBXBuildFile; fileRef = 14404595275AB24900F2CD41 /* Notification.swift */; };
		14404598275AB64D00F2CD41 /* NotificationService.swift in Sources */ = {isa = PBXBuildFile; fileRef = 14404597275AB64D00F2CD41 /* NotificationService.swift */; };
		1440459A275B2E5E00F2CD41 /* NotificationViewModel.swift in Sources */ = {isa = PBXBuildFile; fileRef = 14404599275B2E5E00F2CD41 /* NotificationViewModel.swift */; };
		144272B4273DC9700054326E /* CommentService.swift in Sources */ = {isa = PBXBuildFile; fileRef = 144272B3273DC9700054326E /* CommentService.swift */; };
		144272B6273DF4930054326E /* Comment.swift in Sources */ = {isa = PBXBuildFile; fileRef = 144272B5273DF4930054326E /* Comment.swift */; };
		146F475D270A1F510053B071 /* FeedViewController.swift in Sources */ = {isa = PBXBuildFile; fileRef = 146F475C270A1F510053B071 /* FeedViewController.swift */; };
		146F475F270A1F610053B071 /* SearchViewController.swift in Sources */ = {isa = PBXBuildFile; fileRef = 146F475E270A1F610053B071 /* SearchViewController.swift */; };
		146F4761270A1F6E0053B071 /* ImageSelectorViewController.swift in Sources */ = {isa = PBXBuildFile; fileRef = 146F4760270A1F6E0053B071 /* ImageSelectorViewController.swift */; };
		146F4763270A1F7A0053B071 /* NotificationViewController.swift in Sources */ = {isa = PBXBuildFile; fileRef = 146F4762270A1F7A0053B071 /* NotificationViewController.swift */; };
		146F4765270A1F960053B071 /* ProfileViewController.swift in Sources */ = {isa = PBXBuildFile; fileRef = 146F4764270A1F960053B071 /* ProfileViewController.swift */; };
		146F4767270A35890053B071 /* FeedCell.swift in Sources */ = {isa = PBXBuildFile; fileRef = 146F4766270A35890053B071 /* FeedCell.swift */; };
		146F4769270A37B00053B071 /* Extensions.swift in Sources */ = {isa = PBXBuildFile; fileRef = 146F4768270A37B00053B071 /* Extensions.swift */; };
		146F476C270A44C00053B071 /* LoginViewController.swift in Sources */ = {isa = PBXBuildFile; fileRef = 146F476B270A44C00053B071 /* LoginViewController.swift */; };
		146F476E270A44D70053B071 /* RegistrationViewController.swift in Sources */ = {isa = PBXBuildFile; fileRef = 146F476D270A44D70053B071 /* RegistrationViewController.swift */; };
		146F4770270A4FB80053B071 /* CustomTextField.swift in Sources */ = {isa = PBXBuildFile; fileRef = 146F476F270A4FB80053B071 /* CustomTextField.swift */; };
		146F4772270A5A310053B071 /* AuthenticationButton.swift in Sources */ = {isa = PBXBuildFile; fileRef = 146F4771270A5A310053B071 /* AuthenticationButton.swift */; };
		146F4774270AA2F50053B071 /* AuthenticationViewModel.swift in Sources */ = {isa = PBXBuildFile; fileRef = 146F4773270AA2F50053B071 /* AuthenticationViewModel.swift */; };
		146F4776270AB8990053B071 /* GoogleService-Info.plist in Resources */ = {isa = PBXBuildFile; fileRef = 146F4775270AB8990053B071 /* GoogleService-Info.plist */; };
		148297E5271E9AF400E7EC96 /* UserService.swift in Sources */ = {isa = PBXBuildFile; fileRef = 148297E4271E9AF400E7EC96 /* UserService.swift */; };
		148297E7271E9B2900E7EC96 /* Constants.swift in Sources */ = {isa = PBXBuildFile; fileRef = 148297E6271E9B2900E7EC96 /* Constants.swift */; };
		1486ED87273F19D000BC43A0 /* CommentViewModel.swift in Sources */ = {isa = PBXBuildFile; fileRef = 1486ED86273F19D000BC43A0 /* CommentViewModel.swift */; };
		148AD13B272FA97200B3CCEC /* CommentInputAccessoryView.swift in Sources */ = {isa = PBXBuildFile; fileRef = 148AD13A272FA97200B3CCEC /* CommentInputAccessoryView.swift */; };
		14960392272CCFE900E45CFA /* UploadPostViewController.swift in Sources */ = {isa = PBXBuildFile; fileRef = 14960391272CCFE900E45CFA /* UploadPostViewController.swift */; };
		14960394272D18D100E45CFA /* InputTextView.swift in Sources */ = {isa = PBXBuildFile; fileRef = 14960393272D18D100E45CFA /* InputTextView.swift */; };
		14960396272F4E0700E45CFA /* PostService.swift in Sources */ = {isa = PBXBuildFile; fileRef = 14960395272F4E0700E45CFA /* PostService.swift */; };
		14960398272F5D5400E45CFA /* Post.swift in Sources */ = {isa = PBXBuildFile; fileRef = 14960397272F5D5400E45CFA /* Post.swift */; };
		1496039A272F602200E45CFA /* PostViewModel.swift in Sources */ = {isa = PBXBuildFile; fileRef = 14960399272F602200E45CFA /* PostViewModel.swift */; };
		1496039C272F656D00E45CFA /* EmptyStateCell.swift in Sources */ = {isa = PBXBuildFile; fileRef = 1496039B272F656D00E45CFA /* EmptyStateCell.swift */; };
		1496039E272F988900E45CFA /* CommentViewController.swift in Sources */ = {isa = PBXBuildFile; fileRef = 1496039D272F988900E45CFA /* CommentViewController.swift */; };
		149603A0272F99E500E45CFA /* CommentsCell.swift in Sources */ = {isa = PBXBuildFile; fileRef = 1496039F272F99E500E45CFA /* CommentsCell.swift */; };
		14BBB504272A5CC4003F3EC2 /* ProfileHeaderViewModel.swift in Sources */ = {isa = PBXBuildFile; fileRef = 14BBB503272A5CC4003F3EC2 /* ProfileHeaderViewModel.swift */; };
		14BBB506272A71E8003F3EC2 /* AlertController.swift in Sources */ = {isa = PBXBuildFile; fileRef = 14BBB505272A71E8003F3EC2 /* AlertController.swift */; };
		14BBB509272B356D003F3EC2 /* UserCell.swift in Sources */ = {isa = PBXBuildFile; fileRef = 14BBB508272B356D003F3EC2 /* UserCell.swift */; };
		14BBB50B272B528B003F3EC2 /* UserCellViewModel.swift in Sources */ = {isa = PBXBuildFile; fileRef = 14BBB50A272B528B003F3EC2 /* UserCellViewModel.swift */; };
		14BBB50D272B61BC003F3EC2 /* ProfileViewModel.swift in Sources */ = {isa = PBXBuildFile; fileRef = 14BBB50C272B61BC003F3EC2 /* ProfileViewModel.swift */; };
		14BD9E41270E8A6300D8C773 /* ImageUploader.swift in Sources */ = {isa = PBXBuildFile; fileRef = 14BD9E40270E8A6300D8C773 /* ImageUploader.swift */; };
		14BD9E43270E8A6E00D8C773 /* AuthService.swift in Sources */ = {isa = PBXBuildFile; fileRef = 14BD9E42270E8A6E00D8C773 /* AuthService.swift */; };
		14C9D976270A1C4E0056B91B /* AppDelegate.swift in Sources */ = {isa = PBXBuildFile; fileRef = 14C9D975270A1C4E0056B91B /* AppDelegate.swift */; };
		14C9D978270A1C4E0056B91B /* SceneDelegate.swift in Sources */ = {isa = PBXBuildFile; fileRef = 14C9D977270A1C4E0056B91B /* SceneDelegate.swift */; };
		14C9D97D270A1C4E0056B91B /* Main.storyboard in Resources */ = {isa = PBXBuildFile; fileRef = 14C9D97B270A1C4E0056B91B /* Main.storyboard */; };
		14C9D97F270A1C510056B91B /* Assets.xcassets in Resources */ = {isa = PBXBuildFile; fileRef = 14C9D97E270A1C510056B91B /* Assets.xcassets */; };
		14C9D982270A1C510056B91B /* LaunchScreen.storyboard in Resources */ = {isa = PBXBuildFile; fileRef = 14C9D980270A1C510056B91B /* LaunchScreen.storyboard */; };
		14C9D991270A1D650056B91B /* MainTabController.swift in Sources */ = {isa = PBXBuildFile; fileRef = 14C9D990270A1D650056B91B /* MainTabController.swift */; };
		14EED2EB276247FF00D24DFA /* ResetPasswordViewController.swift in Sources */ = {isa = PBXBuildFile; fileRef = 14EED2EA276247FF00D24DFA /* ResetPasswordViewController.swift */; };
		14EED2EF2762864800D24DFA /* Enum.swift in Sources */ = {isa = PBXBuildFile; fileRef = 14EED2EE2762864800D24DFA /* Enum.swift */; };
		8C59A881010C9ED9CB74B493 /* Pods_InstagramFirestore.framework in Frameworks */ = {isa = PBXBuildFile; fileRef = B192011C61846BC658992E0B /* Pods_InstagramFirestore.framework */; };
/* End PBXBuildFile section */

/* Begin PBXFileReference section */
		0C3E23511FA3D36A7B1E7210 /* Pods-InstagramFirestore.debug.xcconfig */ = {isa = PBXFileReference; includeInIndex = 1; lastKnownFileType = text.xcconfig; name = "Pods-InstagramFirestore.debug.xcconfig"; path = "Target Support Files/Pods-InstagramFirestore/Pods-InstagramFirestore.debug.xcconfig"; sourceTree = "<group>"; };
		140671A72728B0F40059D83E /* User.swift */ = {isa = PBXFileReference; lastKnownFileType = sourcecode.swift; path = User.swift; sourceTree = "<group>"; };
		143E8F512710ACA300909380 /* ProfileCell.swift */ = {isa = PBXFileReference; lastKnownFileType = sourcecode.swift; path = ProfileCell.swift; sourceTree = "<group>"; };
		143E8F532710ACB200909380 /* ProfileHeader.swift */ = {isa = PBXFileReference; lastKnownFileType = sourcecode.swift; path = ProfileHeader.swift; sourceTree = "<group>"; };
		14404593275A810E00F2CD41 /* NotificationCell.swift */ = {isa = PBXFileReference; lastKnownFileType = sourcecode.swift; path = NotificationCell.swift; sourceTree = "<group>"; };
		14404595275AB24900F2CD41 /* Notification.swift */ = {isa = PBXFileReference; lastKnownFileType = sourcecode.swift; path = Notification.swift; sourceTree = "<group>"; };
		14404597275AB64D00F2CD41 /* NotificationService.swift */ = {isa = PBXFileReference; lastKnownFileType = sourcecode.swift; path = NotificationService.swift; sourceTree = "<group>"; };
		14404599275B2E5E00F2CD41 /* NotificationViewModel.swift */ = {isa = PBXFileReference; lastKnownFileType = sourcecode.swift; path = NotificationViewModel.swift; sourceTree = "<group>"; };
		144272B3273DC9700054326E /* CommentService.swift */ = {isa = PBXFileReference; lastKnownFileType = sourcecode.swift; path = CommentService.swift; sourceTree = "<group>"; };
		144272B5273DF4930054326E /* Comment.swift */ = {isa = PBXFileReference; lastKnownFileType = sourcecode.swift; path = Comment.swift; sourceTree = "<group>"; };
		146F475C270A1F510053B071 /* FeedViewController.swift */ = {isa = PBXFileReference; lastKnownFileType = sourcecode.swift; path = FeedViewController.swift; sourceTree = "<group>"; };
		146F475E270A1F610053B071 /* SearchViewController.swift */ = {isa = PBXFileReference; lastKnownFileType = sourcecode.swift; path = SearchViewController.swift; sourceTree = "<group>"; };
		146F4760270A1F6E0053B071 /* ImageSelectorViewController.swift */ = {isa = PBXFileReference; lastKnownFileType = sourcecode.swift; path = ImageSelectorViewController.swift; sourceTree = "<group>"; };
		146F4762270A1F7A0053B071 /* NotificationViewController.swift */ = {isa = PBXFileReference; lastKnownFileType = sourcecode.swift; path = NotificationViewController.swift; sourceTree = "<group>"; };
		146F4764270A1F960053B071 /* ProfileViewController.swift */ = {isa = PBXFileReference; lastKnownFileType = sourcecode.swift; path = ProfileViewController.swift; sourceTree = "<group>"; };
		146F4766270A35890053B071 /* FeedCell.swift */ = {isa = PBXFileReference; lastKnownFileType = sourcecode.swift; path = FeedCell.swift; sourceTree = "<group>"; };
		146F4768270A37B00053B071 /* Extensions.swift */ = {isa = PBXFileReference; fileEncoding = 4; lastKnownFileType = sourcecode.swift; path = Extensions.swift; sourceTree = "<group>"; };
		146F476B270A44C00053B071 /* LoginViewController.swift */ = {isa = PBXFileReference; lastKnownFileType = sourcecode.swift; path = LoginViewController.swift; sourceTree = "<group>"; };
		146F476D270A44D70053B071 /* RegistrationViewController.swift */ = {isa = PBXFileReference; lastKnownFileType = sourcecode.swift; path = RegistrationViewController.swift; sourceTree = "<group>"; };
		146F476F270A4FB80053B071 /* CustomTextField.swift */ = {isa = PBXFileReference; lastKnownFileType = sourcecode.swift; path = CustomTextField.swift; sourceTree = "<group>"; };
		146F4771270A5A310053B071 /* AuthenticationButton.swift */ = {isa = PBXFileReference; lastKnownFileType = sourcecode.swift; path = AuthenticationButton.swift; sourceTree = "<group>"; };
		146F4773270AA2F50053B071 /* AuthenticationViewModel.swift */ = {isa = PBXFileReference; lastKnownFileType = sourcecode.swift; path = AuthenticationViewModel.swift; sourceTree = "<group>"; };
		146F4775270AB8990053B071 /* GoogleService-Info.plist */ = {isa = PBXFileReference; fileEncoding = 4; lastKnownFileType = text.plist.xml; path = "GoogleService-Info.plist"; sourceTree = "<group>"; };
		148297E4271E9AF400E7EC96 /* UserService.swift */ = {isa = PBXFileReference; lastKnownFileType = sourcecode.swift; path = UserService.swift; sourceTree = "<group>"; };
		148297E6271E9B2900E7EC96 /* Constants.swift */ = {isa = PBXFileReference; lastKnownFileType = sourcecode.swift; path = Constants.swift; sourceTree = "<group>"; };
		1486ED86273F19D000BC43A0 /* CommentViewModel.swift */ = {isa = PBXFileReference; lastKnownFileType = sourcecode.swift; path = CommentViewModel.swift; sourceTree = "<group>"; };
		148AD13A272FA97200B3CCEC /* CommentInputAccessoryView.swift */ = {isa = PBXFileReference; lastKnownFileType = sourcecode.swift; path = CommentInputAccessoryView.swift; sourceTree = "<group>"; };
		14960391272CCFE900E45CFA /* UploadPostViewController.swift */ = {isa = PBXFileReference; lastKnownFileType = sourcecode.swift; path = UploadPostViewController.swift; sourceTree = "<group>"; };
		14960393272D18D100E45CFA /* InputTextView.swift */ = {isa = PBXFileReference; lastKnownFileType = sourcecode.swift; path = InputTextView.swift; sourceTree = "<group>"; };
		14960395272F4E0700E45CFA /* PostService.swift */ = {isa = PBXFileReference; lastKnownFileType = sourcecode.swift; path = PostService.swift; sourceTree = "<group>"; };
		14960397272F5D5400E45CFA /* Post.swift */ = {isa = PBXFileReference; lastKnownFileType = sourcecode.swift; path = Post.swift; sourceTree = "<group>"; };
		14960399272F602200E45CFA /* PostViewModel.swift */ = {isa = PBXFileReference; lastKnownFileType = sourcecode.swift; path = PostViewModel.swift; sourceTree = "<group>"; };
		1496039B272F656D00E45CFA /* EmptyStateCell.swift */ = {isa = PBXFileReference; lastKnownFileType = sourcecode.swift; path = EmptyStateCell.swift; sourceTree = "<group>"; };
		1496039D272F988900E45CFA /* CommentViewController.swift */ = {isa = PBXFileReference; lastKnownFileType = sourcecode.swift; path = CommentViewController.swift; sourceTree = "<group>"; };
		1496039F272F99E500E45CFA /* CommentsCell.swift */ = {isa = PBXFileReference; lastKnownFileType = sourcecode.swift; path = CommentsCell.swift; sourceTree = "<group>"; };
		14BBB503272A5CC4003F3EC2 /* ProfileHeaderViewModel.swift */ = {isa = PBXFileReference; lastKnownFileType = sourcecode.swift; name = ProfileHeaderViewModel.swift; path = "/Users/juniorsilva/Projetos iOS/InstagramFirestore/InstagramFirestore/ViewModel/ProfileHeaderViewModel.swift"; sourceTree = "<absolute>"; };
		14BBB505272A71E8003F3EC2 /* AlertController.swift */ = {isa = PBXFileReference; lastKnownFileType = sourcecode.swift; path = AlertController.swift; sourceTree = "<group>"; };
		14BBB508272B356D003F3EC2 /* UserCell.swift */ = {isa = PBXFileReference; lastKnownFileType = sourcecode.swift; path = UserCell.swift; sourceTree = "<group>"; };
		14BBB50A272B528B003F3EC2 /* UserCellViewModel.swift */ = {isa = PBXFileReference; lastKnownFileType = sourcecode.swift; path = UserCellViewModel.swift; sourceTree = "<group>"; };
		14BBB50C272B61BC003F3EC2 /* ProfileViewModel.swift */ = {isa = PBXFileReference; lastKnownFileType = sourcecode.swift; path = ProfileViewModel.swift; sourceTree = "<group>"; };
		14BD9E40270E8A6300D8C773 /* ImageUploader.swift */ = {isa = PBXFileReference; lastKnownFileType = sourcecode.swift; path = ImageUploader.swift; sourceTree = "<group>"; };
		14BD9E42270E8A6E00D8C773 /* AuthService.swift */ = {isa = PBXFileReference; lastKnownFileType = sourcecode.swift; path = AuthService.swift; sourceTree = "<group>"; };
		14C9D972270A1C4E0056B91B /* InstagramFirestore.app */ = {isa = PBXFileReference; explicitFileType = wrapper.application; includeInIndex = 0; path = InstagramFirestore.app; sourceTree = BUILT_PRODUCTS_DIR; };
		14C9D975270A1C4E0056B91B /* AppDelegate.swift */ = {isa = PBXFileReference; lastKnownFileType = sourcecode.swift; path = AppDelegate.swift; sourceTree = "<group>"; };
		14C9D977270A1C4E0056B91B /* SceneDelegate.swift */ = {isa = PBXFileReference; lastKnownFileType = sourcecode.swift; path = SceneDelegate.swift; sourceTree = "<group>"; };
		14C9D97C270A1C4E0056B91B /* Base */ = {isa = PBXFileReference; lastKnownFileType = file.storyboard; name = Base; path = Base.lproj/Main.storyboard; sourceTree = "<group>"; };
		14C9D97E270A1C510056B91B /* Assets.xcassets */ = {isa = PBXFileReference; lastKnownFileType = folder.assetcatalog; path = Assets.xcassets; sourceTree = "<group>"; };
		14C9D981270A1C510056B91B /* Base */ = {isa = PBXFileReference; lastKnownFileType = file.storyboard; name = Base; path = Base.lproj/LaunchScreen.storyboard; sourceTree = "<group>"; };
		14C9D983270A1C510056B91B /* Info.plist */ = {isa = PBXFileReference; lastKnownFileType = text.plist.xml; path = Info.plist; sourceTree = "<group>"; };
		14C9D990270A1D650056B91B /* MainTabController.swift */ = {isa = PBXFileReference; lastKnownFileType = sourcecode.swift; path = MainTabController.swift; sourceTree = "<group>"; };
		14EED2EA276247FF00D24DFA /* ResetPasswordViewController.swift */ = {isa = PBXFileReference; lastKnownFileType = sourcecode.swift; path = ResetPasswordViewController.swift; sourceTree = "<group>"; };
		14EED2EE2762864800D24DFA /* Enum.swift */ = {isa = PBXFileReference; lastKnownFileType = sourcecode.swift; path = Enum.swift; sourceTree = "<group>"; };
		ACCCC5F9A0A29EBF5FC2A979 /* Pods-InstagramFirestore.release.xcconfig */ = {isa = PBXFileReference; includeInIndex = 1; lastKnownFileType = text.xcconfig; name = "Pods-InstagramFirestore.release.xcconfig"; path = "Target Support Files/Pods-InstagramFirestore/Pods-InstagramFirestore.release.xcconfig"; sourceTree = "<group>"; };
		B192011C61846BC658992E0B /* Pods_InstagramFirestore.framework */ = {isa = PBXFileReference; explicitFileType = wrapper.framework; includeInIndex = 0; path = Pods_InstagramFirestore.framework; sourceTree = BUILT_PRODUCTS_DIR; };
/* End PBXFileReference section */

/* Begin PBXFrameworksBuildPhase section */
		14C9D96F270A1C4E0056B91B /* Frameworks */ = {
			isa = PBXFrameworksBuildPhase;
			buildActionMask = 2147483647;
			files = (
				8C59A881010C9ED9CB74B493 /* Pods_InstagramFirestore.framework in Frameworks */,
			);
			runOnlyForDeploymentPostprocessing = 0;
		};
/* End PBXFrameworksBuildPhase section */

/* Begin PBXGroup section */
		143E8F502710AC8100909380 /* Profile */ = {
			isa = PBXGroup;
			children = (
				143E8F532710ACB200909380 /* ProfileHeader.swift */,
				143E8F512710ACA300909380 /* ProfileCell.swift */,
			);
			path = Profile;
			sourceTree = "<group>";
		};
		146F475B270A1EF90053B071 /* Application */ = {
			isa = PBXGroup;
			children = (
				14C9D975270A1C4E0056B91B /* AppDelegate.swift */,
				14C9D977270A1C4E0056B91B /* SceneDelegate.swift */,
			);
			path = Application;
			sourceTree = "<group>";
		};
		146F476A270A44700053B071 /* Authentication */ = {
			isa = PBXGroup;
			children = (
				146F476B270A44C00053B071 /* LoginViewController.swift */,
				146F476D270A44D70053B071 /* RegistrationViewController.swift */,
				14EED2EA276247FF00D24DFA /* ResetPasswordViewController.swift */,
			);
			path = Authentication;
			sourceTree = "<group>";
		};
		14C9D969270A1C4E0056B91B = {
			isa = PBXGroup;
			children = (
				14C9D974270A1C4E0056B91B /* InstagramFirestore */,
				14C9D973270A1C4E0056B91B /* Products */,
				E6114A89CFFD676EC0A4A26A /* Pods */,
				3AB032AED264448E383DA329 /* Frameworks */,
			);
			sourceTree = "<group>";
		};
		14C9D973270A1C4E0056B91B /* Products */ = {
			isa = PBXGroup;
			children = (
				14C9D972270A1C4E0056B91B /* InstagramFirestore.app */,
			);
			name = Products;
			sourceTree = "<group>";
		};
		14C9D974270A1C4E0056B91B /* InstagramFirestore */ = {
			isa = PBXGroup;
			children = (
				146F475B270A1EF90053B071 /* Application */,
				14C9D98F270A1CEF0056B91B /* Model */,
				14C9D98E270A1CED0056B91B /* View */,
				14C9D98D270A1CEB0056B91B /* ViewModel */,
				14C9D98C270A1CE90056B91B /* Controller */,
				14C9D98A270A1CE20056B91B /* API */,
				14C9D989270A1C6A0056B91B /* Utils */,
				14C9D97B270A1C4E0056B91B /* Main.storyboard */,
				14C9D97E270A1C510056B91B /* Assets.xcassets */,
				14C9D980270A1C510056B91B /* LaunchScreen.storyboard */,
				14C9D983270A1C510056B91B /* Info.plist */,
				146F4775270AB8990053B071 /* GoogleService-Info.plist */,
			);
			path = InstagramFirestore;
			sourceTree = "<group>";
		};
		14C9D989270A1C6A0056B91B /* Utils */ = {
			isa = PBXGroup;
			children = (
				146F4768270A37B00053B071 /* Extensions.swift */,
				148297E6271E9B2900E7EC96 /* Constants.swift */,
				14BBB505272A71E8003F3EC2 /* AlertController.swift */,
				14960393272D18D100E45CFA /* InputTextView.swift */,
				14EED2EE2762864800D24DFA /* Enum.swift */,
			);
			path = Utils;
			sourceTree = "<group>";
		};
		14C9D98A270A1CE20056B91B /* API */ = {
			isa = PBXGroup;
			children = (
				14BD9E40270E8A6300D8C773 /* ImageUploader.swift */,
				14BD9E42270E8A6E00D8C773 /* AuthService.swift */,
				148297E4271E9AF400E7EC96 /* UserService.swift */,
				14960395272F4E0700E45CFA /* PostService.swift */,
				144272B3273DC9700054326E /* CommentService.swift */,
				14404597275AB64D00F2CD41 /* NotificationService.swift */,
			);
			path = API;
			sourceTree = "<group>";
		};
		14C9D98C270A1CE90056B91B /* Controller */ = {
			isa = PBXGroup;
			children = (
				146F476A270A44700053B071 /* Authentication */,
				14C9D990270A1D650056B91B /* MainTabController.swift */,
				146F475C270A1F510053B071 /* FeedViewController.swift */,
				146F475E270A1F610053B071 /* SearchViewController.swift */,
				146F4760270A1F6E0053B071 /* ImageSelectorViewController.swift */,
				146F4762270A1F7A0053B071 /* NotificationViewController.swift */,
				146F4764270A1F960053B071 /* ProfileViewController.swift */,
				14960391272CCFE900E45CFA /* UploadPostViewController.swift */,
				1496039D272F988900E45CFA /* CommentViewController.swift */,
			);
			path = Controller;
			sourceTree = "<group>";
		};
		14C9D98D270A1CEB0056B91B /* ViewModel */ = {
			isa = PBXGroup;
			children = (
				146F4773270AA2F50053B071 /* AuthenticationViewModel.swift */,
				14BBB503272A5CC4003F3EC2 /* ProfileHeaderViewModel.swift */,
				14BBB50A272B528B003F3EC2 /* UserCellViewModel.swift */,
				14BBB50C272B61BC003F3EC2 /* ProfileViewModel.swift */,
				14960399272F602200E45CFA /* PostViewModel.swift */,
				1486ED86273F19D000BC43A0 /* CommentViewModel.swift */,
				14404599275B2E5E00F2CD41 /* NotificationViewModel.swift */,
			);
			path = ViewModel;
			sourceTree = "<group>";
		};
		14C9D98E270A1CED0056B91B /* View */ = {
			isa = PBXGroup;
			children = (
				143E8F502710AC8100909380 /* Profile */,
				1496039B272F656D00E45CFA /* EmptyStateCell.swift */,
				146F4766270A35890053B071 /* FeedCell.swift */,
				14BBB508272B356D003F3EC2 /* UserCell.swift */,
				1496039F272F99E500E45CFA /* CommentsCell.swift */,
				146F476F270A4FB80053B071 /* CustomTextField.swift */,
				146F4771270A5A310053B071 /* AuthenticationButton.swift */,
				148AD13A272FA97200B3CCEC /* CommentInputAccessoryView.swift */,
				14404593275A810E00F2CD41 /* NotificationCell.swift */,
			);
			path = View;
			sourceTree = "<group>";
		};
		14C9D98F270A1CEF0056B91B /* Model */ = {
			isa = PBXGroup;
			children = (
				140671A72728B0F40059D83E /* User.swift */,
				14960397272F5D5400E45CFA /* Post.swift */,
				144272B5273DF4930054326E /* Comment.swift */,
				14404595275AB24900F2CD41 /* Notification.swift */,
			);
			path = Model;
			sourceTree = "<group>";
		};
		3AB032AED264448E383DA329 /* Frameworks */ = {
			isa = PBXGroup;
			children = (
				B192011C61846BC658992E0B /* Pods_InstagramFirestore.framework */,
			);
			name = Frameworks;
			sourceTree = "<group>";
		};
		E6114A89CFFD676EC0A4A26A /* Pods */ = {
			isa = PBXGroup;
			children = (
				0C3E23511FA3D36A7B1E7210 /* Pods-InstagramFirestore.debug.xcconfig */,
				ACCCC5F9A0A29EBF5FC2A979 /* Pods-InstagramFirestore.release.xcconfig */,
			);
			path = Pods;
			sourceTree = "<group>";
		};
/* End PBXGroup section */

/* Begin PBXNativeTarget section */
		14C9D971270A1C4E0056B91B /* InstagramFirestore */ = {
			isa = PBXNativeTarget;
			buildConfigurationList = 14C9D986270A1C510056B91B /* Build configuration list for PBXNativeTarget "InstagramFirestore" */;
			buildPhases = (
				48611160BEDF476789191742 /* [CP] Check Pods Manifest.lock */,
				14C9D96E270A1C4E0056B91B /* Sources */,
				14C9D96F270A1C4E0056B91B /* Frameworks */,
				14C9D970270A1C4E0056B91B /* Resources */,
				BA64A378095E2B482F7487C7 /* [CP] Embed Pods Frameworks */,
			);
			buildRules = (
			);
			dependencies = (
			);
			name = InstagramFirestore;
			productName = InstagramFirestore;
			productReference = 14C9D972270A1C4E0056B91B /* InstagramFirestore.app */;
			productType = "com.apple.product-type.application";
		};
/* End PBXNativeTarget section */

/* Begin PBXProject section */
		14C9D96A270A1C4E0056B91B /* Project object */ = {
			isa = PBXProject;
			attributes = {
				LastSwiftUpdateCheck = 1250;
				LastUpgradeCheck = 1250;
				TargetAttributes = {
					14C9D971270A1C4E0056B91B = {
						CreatedOnToolsVersion = 12.5.1;
					};
				};
			};
			buildConfigurationList = 14C9D96D270A1C4E0056B91B /* Build configuration list for PBXProject "InstagramFirestore" */;
			compatibilityVersion = "Xcode 9.3";
			developmentRegion = en;
			hasScannedForEncodings = 0;
			knownRegions = (
				en,
				Base,
			);
			mainGroup = 14C9D969270A1C4E0056B91B;
			productRefGroup = 14C9D973270A1C4E0056B91B /* Products */;
			projectDirPath = "";
			projectRoot = "";
			targets = (
				14C9D971270A1C4E0056B91B /* InstagramFirestore */,
			);
		};
/* End PBXProject section */

/* Begin PBXResourcesBuildPhase section */
		14C9D970270A1C4E0056B91B /* Resources */ = {
			isa = PBXResourcesBuildPhase;
			buildActionMask = 2147483647;
			files = (
				14C9D982270A1C510056B91B /* LaunchScreen.storyboard in Resources */,
				146F4776270AB8990053B071 /* GoogleService-Info.plist in Resources */,
				14C9D97F270A1C510056B91B /* Assets.xcassets in Resources */,
				14C9D97D270A1C4E0056B91B /* Main.storyboard in Resources */,
			);
			runOnlyForDeploymentPostprocessing = 0;
		};
/* End PBXResourcesBuildPhase section */

/* Begin PBXShellScriptBuildPhase section */
		48611160BEDF476789191742 /* [CP] Check Pods Manifest.lock */ = {
			isa = PBXShellScriptBuildPhase;
			buildActionMask = 2147483647;
			files = (
			);
			inputFileListPaths = (
			);
			inputPaths = (
				"${PODS_PODFILE_DIR_PATH}/Podfile.lock",
				"${PODS_ROOT}/Manifest.lock",
			);
			name = "[CP] Check Pods Manifest.lock";
			outputFileListPaths = (
			);
			outputPaths = (
				"$(DERIVED_FILE_DIR)/Pods-InstagramFirestore-checkManifestLockResult.txt",
			);
			runOnlyForDeploymentPostprocessing = 0;
			shellPath = /bin/sh;
			shellScript = "diff \"${PODS_PODFILE_DIR_PATH}/Podfile.lock\" \"${PODS_ROOT}/Manifest.lock\" > /dev/null\nif [ $? != 0 ] ; then\n    # print error to STDERR\n    echo \"error: The sandbox is not in sync with the Podfile.lock. Run 'pod install' or update your CocoaPods installation.\" >&2\n    exit 1\nfi\n# This output is used by Xcode 'outputs' to avoid re-running this script phase.\necho \"SUCCESS\" > \"${SCRIPT_OUTPUT_FILE_0}\"\n";
			showEnvVarsInLog = 0;
		};
		BA64A378095E2B482F7487C7 /* [CP] Embed Pods Frameworks */ = {
			isa = PBXShellScriptBuildPhase;
			buildActionMask = 2147483647;
			files = (
			);
			inputFileListPaths = (
				"${PODS_ROOT}/Target Support Files/Pods-InstagramFirestore/Pods-InstagramFirestore-frameworks-${CONFIGURATION}-input-files.xcfilelist",
			);
			name = "[CP] Embed Pods Frameworks";
			outputFileListPaths = (
				"${PODS_ROOT}/Target Support Files/Pods-InstagramFirestore/Pods-InstagramFirestore-frameworks-${CONFIGURATION}-output-files.xcfilelist",
			);
			runOnlyForDeploymentPostprocessing = 0;
			shellPath = /bin/sh;
			shellScript = "\"${PODS_ROOT}/Target Support Files/Pods-InstagramFirestore/Pods-InstagramFirestore-frameworks.sh\"\n";
			showEnvVarsInLog = 0;
		};
/* End PBXShellScriptBuildPhase section */

/* Begin PBXSourcesBuildPhase section */
		14C9D96E270A1C4E0056B91B /* Sources */ = {
			isa = PBXSourcesBuildPhase;
			buildActionMask = 2147483647;
			files = (
				1496039A272F602200E45CFA /* PostViewModel.swift in Sources */,
				1496039E272F988900E45CFA /* CommentViewController.swift in Sources */,
				14960392272CCFE900E45CFA /* UploadPostViewController.swift in Sources */,
				14EED2EB276247FF00D24DFA /* ResetPasswordViewController.swift in Sources */,
				1486ED87273F19D000BC43A0 /* CommentViewModel.swift in Sources */,
				146F4770270A4FB80053B071 /* CustomTextField.swift in Sources */,
				143E8F542710ACB200909380 /* ProfileHeader.swift in Sources */,
				14EED2EF2762864800D24DFA /* Enum.swift in Sources */,
				146F476C270A44C00053B071 /* LoginViewController.swift in Sources */,
				149603A0272F99E500E45CFA /* CommentsCell.swift in Sources */,
				14404594275A810E00F2CD41 /* NotificationCell.swift in Sources */,
				14BBB50D272B61BC003F3EC2 /* ProfileViewModel.swift in Sources */,
				14BD9E41270E8A6300D8C773 /* ImageUploader.swift in Sources */,
				14BBB506272A71E8003F3EC2 /* AlertController.swift in Sources */,
				14BD9E43270E8A6E00D8C773 /* AuthService.swift in Sources */,
				146F4772270A5A310053B071 /* AuthenticationButton.swift in Sources */,
				1440459A275B2E5E00F2CD41 /* NotificationViewModel.swift in Sources */,
				146F475F270A1F610053B071 /* SearchViewController.swift in Sources */,
				146F4774270AA2F50053B071 /* AuthenticationViewModel.swift in Sources */,
				14404598275AB64D00F2CD41 /* NotificationService.swift in Sources */,
				146F4767270A35890053B071 /* FeedCell.swift in Sources */,
				146F476E270A44D70053B071 /* RegistrationViewController.swift in Sources */,
				140671A82728B0F40059D83E /* User.swift in Sources */,
				148AD13B272FA97200B3CCEC /* CommentInputAccessoryView.swift in Sources */,
				14C9D976270A1C4E0056B91B /* AppDelegate.swift in Sources */,
				14BBB509272B356D003F3EC2 /* UserCell.swift in Sources */,
				14BBB504272A5CC4003F3EC2 /* ProfileHeaderViewModel.swift in Sources */,
				14BBB50B272B528B003F3EC2 /* UserCellViewModel.swift in Sources */,
				144272B4273DC9700054326E /* CommentService.swift in Sources */,
				148297E7271E9B2900E7EC96 /* Constants.swift in Sources */,
				146F475D270A1F510053B071 /* FeedViewController.swift in Sources */,
				14960398272F5D5400E45CFA /* Post.swift in Sources */,
				146F4761270A1F6E0053B071 /* ImageSelectorViewController.swift in Sources */,
				14C9D991270A1D650056B91B /* MainTabController.swift in Sources */,
				146F4765270A1F960053B071 /* ProfileViewController.swift in Sources */,
				14960394272D18D100E45CFA /* InputTextView.swift in Sources */,
				14C9D978270A1C4E0056B91B /* SceneDelegate.swift in Sources */,
				14404596275AB24900F2CD41 /* Notification.swift in Sources */,
				14960396272F4E0700E45CFA /* PostService.swift in Sources */,
				148297E5271E9AF400E7EC96 /* UserService.swift in Sources */,
				143E8F522710ACA300909380 /* ProfileCell.swift in Sources */,
				146F4769270A37B00053B071 /* Extensions.swift in Sources */,
				144272B6273DF4930054326E /* Comment.swift in Sources */,
				146F4763270A1F7A0053B071 /* NotificationViewController.swift in Sources */,
				1496039C272F656D00E45CFA /* EmptyStateCell.swift in Sources */,
			);
			runOnlyForDeploymentPostprocessing = 0;
		};
/* End PBXSourcesBuildPhase section */

/* Begin PBXVariantGroup section */
		14C9D97B270A1C4E0056B91B /* Main.storyboard */ = {
			isa = PBXVariantGroup;
			children = (
				14C9D97C270A1C4E0056B91B /* Base */,
			);
			name = Main.storyboard;
			sourceTree = "<group>";
		};
		14C9D980270A1C510056B91B /* LaunchScreen.storyboard */ = {
			isa = PBXVariantGroup;
			children = (
				14C9D981270A1C510056B91B /* Base */,
			);
			name = LaunchScreen.storyboard;
			sourceTree = "<group>";
		};
/* End PBXVariantGroup section */

/* Begin XCBuildConfiguration section */
		14C9D984270A1C510056B91B /* Debug */ = {
			isa = XCBuildConfiguration;
			buildSettings = {
				ALWAYS_SEARCH_USER_PATHS = NO;
				CLANG_ANALYZER_NONNULL = YES;
				CLANG_ANALYZER_NUMBER_OBJECT_CONVERSION = YES_AGGRESSIVE;
				CLANG_CXX_LANGUAGE_STANDARD = "gnu++14";
				CLANG_CXX_LIBRARY = "libc++";
				CLANG_ENABLE_MODULES = YES;
				CLANG_ENABLE_OBJC_ARC = YES;
				CLANG_ENABLE_OBJC_WEAK = YES;
				CLANG_WARN_BLOCK_CAPTURE_AUTORELEASING = YES;
				CLANG_WARN_BOOL_CONVERSION = YES;
				CLANG_WARN_COMMA = YES;
				CLANG_WARN_CONSTANT_CONVERSION = YES;
				CLANG_WARN_DEPRECATED_OBJC_IMPLEMENTATIONS = YES;
				CLANG_WARN_DIRECT_OBJC_ISA_USAGE = YES_ERROR;
				CLANG_WARN_DOCUMENTATION_COMMENTS = YES;
				CLANG_WARN_EMPTY_BODY = YES;
				CLANG_WARN_ENUM_CONVERSION = YES;
				CLANG_WARN_INFINITE_RECURSION = YES;
				CLANG_WARN_INT_CONVERSION = YES;
				CLANG_WARN_NON_LITERAL_NULL_CONVERSION = YES;
				CLANG_WARN_OBJC_IMPLICIT_RETAIN_SELF = YES;
				CLANG_WARN_OBJC_LITERAL_CONVERSION = YES;
				CLANG_WARN_OBJC_ROOT_CLASS = YES_ERROR;
				CLANG_WARN_QUOTED_INCLUDE_IN_FRAMEWORK_HEADER = YES;
				CLANG_WARN_RANGE_LOOP_ANALYSIS = YES;
				CLANG_WARN_STRICT_PROTOTYPES = YES;
				CLANG_WARN_SUSPICIOUS_MOVE = YES;
				CLANG_WARN_UNGUARDED_AVAILABILITY = YES_AGGRESSIVE;
				CLANG_WARN_UNREACHABLE_CODE = YES;
				CLANG_WARN__DUPLICATE_METHOD_MATCH = YES;
				COPY_PHASE_STRIP = NO;
				DEBUG_INFORMATION_FORMAT = dwarf;
				ENABLE_STRICT_OBJC_MSGSEND = YES;
				ENABLE_TESTABILITY = YES;
				GCC_C_LANGUAGE_STANDARD = gnu11;
				GCC_DYNAMIC_NO_PIC = NO;
				GCC_NO_COMMON_BLOCKS = YES;
				GCC_OPTIMIZATION_LEVEL = 0;
				GCC_PREPROCESSOR_DEFINITIONS = (
					"DEBUG=1",
					"$(inherited)",
				);
				GCC_WARN_64_TO_32_BIT_CONVERSION = YES;
				GCC_WARN_ABOUT_RETURN_TYPE = YES_ERROR;
				GCC_WARN_UNDECLARED_SELECTOR = YES;
				GCC_WARN_UNINITIALIZED_AUTOS = YES_AGGRESSIVE;
				GCC_WARN_UNUSED_FUNCTION = YES;
				GCC_WARN_UNUSED_VARIABLE = YES;
				IPHONEOS_DEPLOYMENT_TARGET = 14.5;
				MTL_ENABLE_DEBUG_INFO = INCLUDE_SOURCE;
				MTL_FAST_MATH = YES;
				ONLY_ACTIVE_ARCH = YES;
				SDKROOT = iphoneos;
				SWIFT_ACTIVE_COMPILATION_CONDITIONS = DEBUG;
				SWIFT_OPTIMIZATION_LEVEL = "-Onone";
			};
			name = Debug;
		};
		14C9D985270A1C510056B91B /* Release */ = {
			isa = XCBuildConfiguration;
			buildSettings = {
				ALWAYS_SEARCH_USER_PATHS = NO;
				CLANG_ANALYZER_NONNULL = YES;
				CLANG_ANALYZER_NUMBER_OBJECT_CONVERSION = YES_AGGRESSIVE;
				CLANG_CXX_LANGUAGE_STANDARD = "gnu++14";
				CLANG_CXX_LIBRARY = "libc++";
				CLANG_ENABLE_MODULES = YES;
				CLANG_ENABLE_OBJC_ARC = YES;
				CLANG_ENABLE_OBJC_WEAK = YES;
				CLANG_WARN_BLOCK_CAPTURE_AUTORELEASING = YES;
				CLANG_WARN_BOOL_CONVERSION = YES;
				CLANG_WARN_COMMA = YES;
				CLANG_WARN_CONSTANT_CONVERSION = YES;
				CLANG_WARN_DEPRECATED_OBJC_IMPLEMENTATIONS = YES;
				CLANG_WARN_DIRECT_OBJC_ISA_USAGE = YES_ERROR;
				CLANG_WARN_DOCUMENTATION_COMMENTS = YES;
				CLANG_WARN_EMPTY_BODY = YES;
				CLANG_WARN_ENUM_CONVERSION = YES;
				CLANG_WARN_INFINITE_RECURSION = YES;
				CLANG_WARN_INT_CONVERSION = YES;
				CLANG_WARN_NON_LITERAL_NULL_CONVERSION = YES;
				CLANG_WARN_OBJC_IMPLICIT_RETAIN_SELF = YES;
				CLANG_WARN_OBJC_LITERAL_CONVERSION = YES;
				CLANG_WARN_OBJC_ROOT_CLASS = YES_ERROR;
				CLANG_WARN_QUOTED_INCLUDE_IN_FRAMEWORK_HEADER = YES;
				CLANG_WARN_RANGE_LOOP_ANALYSIS = YES;
				CLANG_WARN_STRICT_PROTOTYPES = YES;
				CLANG_WARN_SUSPICIOUS_MOVE = YES;
				CLANG_WARN_UNGUARDED_AVAILABILITY = YES_AGGRESSIVE;
				CLANG_WARN_UNREACHABLE_CODE = YES;
				CLANG_WARN__DUPLICATE_METHOD_MATCH = YES;
				COPY_PHASE_STRIP = NO;
				DEBUG_INFORMATION_FORMAT = "dwarf-with-dsym";
				ENABLE_NS_ASSERTIONS = NO;
				ENABLE_STRICT_OBJC_MSGSEND = YES;
				GCC_C_LANGUAGE_STANDARD = gnu11;
				GCC_NO_COMMON_BLOCKS = YES;
				GCC_WARN_64_TO_32_BIT_CONVERSION = YES;
				GCC_WARN_ABOUT_RETURN_TYPE = YES_ERROR;
				GCC_WARN_UNDECLARED_SELECTOR = YES;
				GCC_WARN_UNINITIALIZED_AUTOS = YES_AGGRESSIVE;
				GCC_WARN_UNUSED_FUNCTION = YES;
				GCC_WARN_UNUSED_VARIABLE = YES;
				IPHONEOS_DEPLOYMENT_TARGET = 14.5;
				MTL_ENABLE_DEBUG_INFO = NO;
				MTL_FAST_MATH = YES;
				SDKROOT = iphoneos;
				SWIFT_COMPILATION_MODE = wholemodule;
				SWIFT_OPTIMIZATION_LEVEL = "-O";
				VALIDATE_PRODUCT = YES;
			};
			name = Release;
		};
		14C9D987270A1C510056B91B /* Debug */ = {
			isa = XCBuildConfiguration;
			baseConfigurationReference = 0C3E23511FA3D36A7B1E7210 /* Pods-InstagramFirestore.debug.xcconfig */;
			buildSettings = {
				ASSETCATALOG_COMPILER_APPICON_NAME = AppIcon;
				ASSETCATALOG_COMPILER_GLOBAL_ACCENT_COLOR_NAME = AccentColor;
				CODE_SIGN_STYLE = Automatic;
				DEVELOPMENT_TEAM = KTUAP2Z2QF;
				INFOPLIST_FILE = InstagramFirestore/Info.plist;
				IPHONEOS_DEPLOYMENT_TARGET = 15.0;
				LD_RUNPATH_SEARCH_PATHS = (
					"$(inherited)",
					"@executable_path/Frameworks",
				);
				PRODUCT_BUNDLE_IDENTIFIER = br.com.njdevelopment.InstagramFirestore;
				PRODUCT_NAME = "$(TARGET_NAME)";
				SWIFT_VERSION = 5.0;
				TARGETED_DEVICE_FAMILY = "1,2";
			};
			name = Debug;
		};
		14C9D988270A1C510056B91B /* Release */ = {
			isa = XCBuildConfiguration;
			baseConfigurationReference = ACCCC5F9A0A29EBF5FC2A979 /* Pods-InstagramFirestore.release.xcconfig */;
			buildSettings = {
				ASSETCATALOG_COMPILER_APPICON_NAME = AppIcon;
				ASSETCATALOG_COMPILER_GLOBAL_ACCENT_COLOR_NAME = AccentColor;
				CODE_SIGN_STYLE = Automatic;
				DEVELOPMENT_TEAM = KTUAP2Z2QF;
				INFOPLIST_FILE = InstagramFirestore/Info.plist;
				IPHONEOS_DEPLOYMENT_TARGET = 15.0;
				LD_RUNPATH_SEARCH_PATHS = (
					"$(inherited)",
					"@executable_path/Frameworks",
				);
				PRODUCT_BUNDLE_IDENTIFIER = br.com.njdevelopment.InstagramFirestore;
				PRODUCT_NAME = "$(TARGET_NAME)";
				SWIFT_VERSION = 5.0;
				TARGETED_DEVICE_FAMILY = "1,2";
			};
			name = Release;
		};
/* End XCBuildConfiguration section */

/* Begin XCConfigurationList section */
		14C9D96D270A1C4E0056B91B /* Build configuration list for PBXProject "InstagramFirestore" */ = {
			isa = XCConfigurationList;
			buildConfigurations = (
				14C9D984270A1C510056B91B /* Debug */,
				14C9D985270A1C510056B91B /* Release */,
			);
			defaultConfigurationIsVisible = 0;
			defaultConfigurationName = Release;
		};
		14C9D986270A1C510056B91B /* Build configuration list for PBXNativeTarget "InstagramFirestore" */ = {
			isa = XCConfigurationList;
			buildConfigurations = (
				14C9D987270A1C510056B91B /* Debug */,
				14C9D988270A1C510056B91B /* Release */,
			);
			defaultConfigurationIsVisible = 0;
			defaultConfigurationName = Release;
		};
/* End XCConfigurationList section */
	};
	rootObject = 14C9D96A270A1C4E0056B91B /* Project object */;
}
